// !$*UTF8*$!
{
	archiveVersion = 1;
	classes = {
	};
	objectVersion = 46;
	objects = {

/* Begin PBXBuildFile section */
		4D067D941AEC712A006A2E22 /* onboard1.swift in Sources */ = {isa = PBXBuildFile; fileRef = 4D067D921AEC712A006A2E22 /* onboard1.swift */; };
		4D067D951AEC712A006A2E22 /* onboard1.xib in Resources */ = {isa = PBXBuildFile; fileRef = 4D067D931AEC712A006A2E22 /* onboard1.xib */; };
		4D067D981AEC7168006A2E22 /* onboard2.swift in Sources */ = {isa = PBXBuildFile; fileRef = 4D067D961AEC7168006A2E22 /* onboard2.swift */; };
		4D067D991AEC7168006A2E22 /* onboard2.xib in Resources */ = {isa = PBXBuildFile; fileRef = 4D067D971AEC7168006A2E22 /* onboard2.xib */; };
		4D067D9C1AEC7188006A2E22 /* onboard3.swift in Sources */ = {isa = PBXBuildFile; fileRef = 4D067D9A1AEC7188006A2E22 /* onboard3.swift */; };
		4D067D9D1AEC7188006A2E22 /* onboard3.xib in Resources */ = {isa = PBXBuildFile; fileRef = 4D067D9B1AEC7188006A2E22 /* onboard3.xib */; };
		4D067D9F1AEC7B12006A2E22 /* OnBoarder.swift in Sources */ = {isa = PBXBuildFile; fileRef = 4D067D9E1AEC7B12006A2E22 /* OnBoarder.swift */; };
		4D2ABCB71AEC98C1002AC648 /* Alamofire.framework in Copy Frameworks */ = {isa = PBXBuildFile; fileRef = 4D2ABCB01AEC9897002AC648 /* Alamofire.framework */; settings = {ATTRIBUTES = (CodeSignOnCopy, RemoveHeadersOnCopy, ); }; };
		4D5C87201AEBD3B900D3A362 /* AppDelegate.swift in Sources */ = {isa = PBXBuildFile; fileRef = 4D5C871F1AEBD3B900D3A362 /* AppDelegate.swift */; };
		4D5C87221AEBD3B900D3A362 /* ViewController.swift in Sources */ = {isa = PBXBuildFile; fileRef = 4D5C87211AEBD3B900D3A362 /* ViewController.swift */; };
		4D5C87271AEBD3B900D3A362 /* Images.xcassets in Resources */ = {isa = PBXBuildFile; fileRef = 4D5C87261AEBD3B900D3A362 /* Images.xcassets */; };
		4D5C872A1AEBD3B900D3A362 /* LaunchScreen.xib in Resources */ = {isa = PBXBuildFile; fileRef = 4D5C87281AEBD3B900D3A362 /* LaunchScreen.xib */; };
		4D5C87361AEBD3B900D3A362 /* PropperShopperTests.swift in Sources */ = {isa = PBXBuildFile; fileRef = 4D5C87351AEBD3B900D3A362 /* PropperShopperTests.swift */; };
		4D7162C01AEBD59900ED9B14 /* Daddy.swift in Sources */ = {isa = PBXBuildFile; fileRef = 4D7162BF1AEBD59900ED9B14 /* Daddy.swift */; };
		4D7162C51AEBD63E00ED9B14 /* SearchViewController.swift in Sources */ = {isa = PBXBuildFile; fileRef = 4D7162C31AEBD63E00ED9B14 /* SearchViewController.swift */; };
		4D7162C61AEBD63E00ED9B14 /* SearchViewController.xib in Resources */ = {isa = PBXBuildFile; fileRef = 4D7162C41AEBD63E00ED9B14 /* SearchViewController.xib */; };
		4D7162CC1AEBF9E800ED9B14 /* Communicator.swift in Sources */ = {isa = PBXBuildFile; fileRef = 4D7162CB1AEBF9E800ED9B14 /* Communicator.swift */; };
		4D7162CE1AEBF9EF00ED9B14 /* Item.swift in Sources */ = {isa = PBXBuildFile; fileRef = 4D7162CD1AEBF9EF00ED9B14 /* Item.swift */; };
		4D7162E71AEBFED700ED9B14 /* SwiftyJSON.swift in Sources */ = {isa = PBXBuildFile; fileRef = 4D7162E61AEBFED700ED9B14 /* SwiftyJSON.swift */; };
		4D7162E91AEC124300ED9B14 /* VoiceRecorder.swift in Sources */ = {isa = PBXBuildFile; fileRef = 4D7162E81AEC124300ED9B14 /* VoiceRecorder.swift */; };
		4D7162ED1AEC3C9900ED9B14 /* NimbusSansNovusDOT-SemBol.otf in Resources */ = {isa = PBXBuildFile; fileRef = 4D7162EC1AEC3C9900ED9B14 /* NimbusSansNovusDOT-SemBol.otf */; };
		4D7162F11AEC3CF400ED9B14 /* NimbusSansNovusDOT-Lig.otf in Resources */ = {isa = PBXBuildFile; fileRef = 4D7162EE1AEC3CF400ED9B14 /* NimbusSansNovusDOT-Lig.otf */; };
		4D7162F21AEC3CF400ED9B14 /* NimbusSansNovusDOT-Med.otf in Resources */ = {isa = PBXBuildFile; fileRef = 4D7162EF1AEC3CF400ED9B14 /* NimbusSansNovusDOT-Med.otf */; };
		4D7162F31AEC3CF400ED9B14 /* NimbusSansNovusDOT-Reg.otf in Resources */ = {isa = PBXBuildFile; fileRef = 4D7162F01AEC3CF400ED9B14 /* NimbusSansNovusDOT-Reg.otf */; };
		4DF307F61AEC4B2600B5B69B /* ConfirmItem.swift in Sources */ = {isa = PBXBuildFile; fileRef = 4DF307F41AEC4B2600B5B69B /* ConfirmItem.swift */; };
		4DF307F71AEC4B2600B5B69B /* ConfirmItem.xib in Resources */ = {isa = PBXBuildFile; fileRef = 4DF307F51AEC4B2600B5B69B /* ConfirmItem.xib */; };
		4DF307FC1AEC676600B5B69B /* Searching.xib in Resources */ = {isa = PBXBuildFile; fileRef = 4DF307FB1AEC676600B5B69B /* Searching.xib */; };
		4DF307FE1AEC677400B5B69B /* Searching.swift in Sources */ = {isa = PBXBuildFile; fileRef = 4DF307FD1AEC677400B5B69B /* Searching.swift */; };
		C5727E801AEC6B2300E64926 /* ResultsTableViewController.swift in Sources */ = {isa = PBXBuildFile; fileRef = C5727E7F1AEC6B2300E64926 /* ResultsTableViewController.swift */; };
		C5727E821AEC74CC00E64926 /* MapKit.framework in Frameworks */ = {isa = PBXBuildFile; fileRef = C5727E811AEC74CC00E64926 /* MapKit.framework */; };
		C5A391271AEC3BF300B1DE6E /* StoryboardBro.storyboard in Resources */ = {isa = PBXBuildFile; fileRef = C5A391261AEC3BF300B1DE6E /* StoryboardBro.storyboard */; };
/* End PBXBuildFile section */

/* Begin PBXContainerItemProxy section */
		4D2ABCAF1AEC9897002AC648 /* PBXContainerItemProxy */ = {
			isa = PBXContainerItemProxy;
			containerPortal = 4D2ABCA81AEC9897002AC648 /* Alamofire.xcodeproj */;
			proxyType = 2;
			remoteGlobalIDString = F8111E3319A95C8B0040E7D1;
			remoteInfo = "Alamofire iOS";
		};
		4D2ABCB11AEC9897002AC648 /* PBXContainerItemProxy */ = {
			isa = PBXContainerItemProxy;
			containerPortal = 4D2ABCA81AEC9897002AC648 /* Alamofire.xcodeproj */;
			proxyType = 2;
			remoteGlobalIDString = 4DD67C0B1A5C55C900ED2280;
			remoteInfo = "Alamofire OSX";
		};
		4D2ABCB31AEC9897002AC648 /* PBXContainerItemProxy */ = {
			isa = PBXContainerItemProxy;
			containerPortal = 4D2ABCA81AEC9897002AC648 /* Alamofire.xcodeproj */;
			proxyType = 2;
			remoteGlobalIDString = F8111E3E19A95C8B0040E7D1;
			remoteInfo = "Alamofire iOS Tests";
		};
		4D2ABCB51AEC9897002AC648 /* PBXContainerItemProxy */ = {
			isa = PBXContainerItemProxy;
			containerPortal = 4D2ABCA81AEC9897002AC648 /* Alamofire.xcodeproj */;
			proxyType = 2;
			remoteGlobalIDString = F829C6B21A7A94F100A2CD59;
			remoteInfo = "Alamofire OSX Tests";
		};
		4D5C87301AEBD3B900D3A362 /* PBXContainerItemProxy */ = {
			isa = PBXContainerItemProxy;
			containerPortal = 4D5C87121AEBD3B900D3A362 /* Project object */;
			proxyType = 1;
			remoteGlobalIDString = 4D5C87191AEBD3B900D3A362;
			remoteInfo = PropperShopper;
		};
/* End PBXContainerItemProxy section */

/* Begin PBXCopyFilesBuildPhase section */
		4D7162E41AEBFE1400ED9B14 /* Copy Frameworks */ = {
			isa = PBXCopyFilesBuildPhase;
			buildActionMask = 2147483647;
			dstPath = "";
			dstSubfolderSpec = 10;
			files = (
				4D2ABCB71AEC98C1002AC648 /* Alamofire.framework in Copy Frameworks */,
			);
			name = "Copy Frameworks";
			runOnlyForDeploymentPostprocessing = 0;
		};
/* End PBXCopyFilesBuildPhase section */

/* Begin PBXFileReference section */
		4D067D921AEC712A006A2E22 /* onboard1.swift */ = {isa = PBXFileReference; fileEncoding = 4; lastKnownFileType = sourcecode.swift; path = onboard1.swift; sourceTree = "<group>"; };
		4D067D931AEC712A006A2E22 /* onboard1.xib */ = {isa = PBXFileReference; fileEncoding = 4; lastKnownFileType = file.xib; path = onboard1.xib; sourceTree = "<group>"; };
		4D067D961AEC7168006A2E22 /* onboard2.swift */ = {isa = PBXFileReference; fileEncoding = 4; lastKnownFileType = sourcecode.swift; path = onboard2.swift; sourceTree = "<group>"; };
		4D067D971AEC7168006A2E22 /* onboard2.xib */ = {isa = PBXFileReference; fileEncoding = 4; lastKnownFileType = file.xib; path = onboard2.xib; sourceTree = "<group>"; };
		4D067D9A1AEC7188006A2E22 /* onboard3.swift */ = {isa = PBXFileReference; fileEncoding = 4; lastKnownFileType = sourcecode.swift; path = onboard3.swift; sourceTree = "<group>"; };
		4D067D9B1AEC7188006A2E22 /* onboard3.xib */ = {isa = PBXFileReference; fileEncoding = 4; lastKnownFileType = file.xib; path = onboard3.xib; sourceTree = "<group>"; };
		4D067D9E1AEC7B12006A2E22 /* OnBoarder.swift */ = {isa = PBXFileReference; fileEncoding = 4; lastKnownFileType = sourcecode.swift; path = OnBoarder.swift; sourceTree = "<group>"; };
		4D2ABCA81AEC9897002AC648 /* Alamofire.xcodeproj */ = {isa = PBXFileReference; lastKnownFileType = "wrapper.pb-project"; name = Alamofire.xcodeproj; path = Alamofire/Alamofire.xcodeproj; sourceTree = "<group>"; };
		4D5C871A1AEBD3B900D3A362 /* PropperShopper.app */ = {isa = PBXFileReference; explicitFileType = wrapper.application; includeInIndex = 0; path = PropperShopper.app; sourceTree = BUILT_PRODUCTS_DIR; };
		4D5C871E1AEBD3B900D3A362 /* Info.plist */ = {isa = PBXFileReference; lastKnownFileType = text.plist.xml; path = Info.plist; sourceTree = "<group>"; };
		4D5C871F1AEBD3B900D3A362 /* AppDelegate.swift */ = {isa = PBXFileReference; lastKnownFileType = sourcecode.swift; path = AppDelegate.swift; sourceTree = "<group>"; };
		4D5C87211AEBD3B900D3A362 /* ViewController.swift */ = {isa = PBXFileReference; lastKnownFileType = sourcecode.swift; path = ViewController.swift; sourceTree = "<group>"; };
		4D5C87261AEBD3B900D3A362 /* Images.xcassets */ = {isa = PBXFileReference; lastKnownFileType = folder.assetcatalog; path = Images.xcassets; sourceTree = "<group>"; };
		4D5C87291AEBD3B900D3A362 /* Base */ = {isa = PBXFileReference; lastKnownFileType = file.xib; name = Base; path = Base.lproj/LaunchScreen.xib; sourceTree = "<group>"; };
		4D5C872F1AEBD3B900D3A362 /* PropperShopperTests.xctest */ = {isa = PBXFileReference; explicitFileType = wrapper.cfbundle; includeInIndex = 0; path = PropperShopperTests.xctest; sourceTree = BUILT_PRODUCTS_DIR; };
		4D5C87341AEBD3B900D3A362 /* Info.plist */ = {isa = PBXFileReference; lastKnownFileType = text.plist.xml; path = Info.plist; sourceTree = "<group>"; };
		4D5C87351AEBD3B900D3A362 /* PropperShopperTests.swift */ = {isa = PBXFileReference; lastKnownFileType = sourcecode.swift; path = PropperShopperTests.swift; sourceTree = "<group>"; };
		4D7162BF1AEBD59900ED9B14 /* Daddy.swift */ = {isa = PBXFileReference; fileEncoding = 4; lastKnownFileType = sourcecode.swift; path = Daddy.swift; sourceTree = "<group>"; };
		4D7162C31AEBD63E00ED9B14 /* SearchViewController.swift */ = {isa = PBXFileReference; fileEncoding = 4; lastKnownFileType = sourcecode.swift; name = SearchViewController.swift; path = ../SearchViewController.swift; sourceTree = "<group>"; };
		4D7162C41AEBD63E00ED9B14 /* SearchViewController.xib */ = {isa = PBXFileReference; fileEncoding = 4; lastKnownFileType = file.xib; name = SearchViewController.xib; path = ../SearchViewController.xib; sourceTree = "<group>"; };
		4D7162CB1AEBF9E800ED9B14 /* Communicator.swift */ = {isa = PBXFileReference; fileEncoding = 4; lastKnownFileType = sourcecode.swift; path = Communicator.swift; sourceTree = "<group>"; };
		4D7162CD1AEBF9EF00ED9B14 /* Item.swift */ = {isa = PBXFileReference; fileEncoding = 4; lastKnownFileType = sourcecode.swift; path = Item.swift; sourceTree = "<group>"; };
		4D7162E61AEBFED700ED9B14 /* SwiftyJSON.swift */ = {isa = PBXFileReference; fileEncoding = 4; lastKnownFileType = sourcecode.swift; path = SwiftyJSON.swift; sourceTree = "<group>"; };
		4D7162E81AEC124300ED9B14 /* VoiceRecorder.swift */ = {isa = PBXFileReference; fileEncoding = 4; lastKnownFileType = sourcecode.swift; path = VoiceRecorder.swift; sourceTree = "<group>"; };
		4D7162EC1AEC3C9900ED9B14 /* NimbusSansNovusDOT-SemBol.otf */ = {isa = PBXFileReference; lastKnownFileType = file; path = "NimbusSansNovusDOT-SemBol.otf"; sourceTree = "<group>"; };
		4D7162EE1AEC3CF400ED9B14 /* NimbusSansNovusDOT-Lig.otf */ = {isa = PBXFileReference; lastKnownFileType = file; path = "NimbusSansNovusDOT-Lig.otf"; sourceTree = "<group>"; };
		4D7162EF1AEC3CF400ED9B14 /* NimbusSansNovusDOT-Med.otf */ = {isa = PBXFileReference; lastKnownFileType = file; path = "NimbusSansNovusDOT-Med.otf"; sourceTree = "<group>"; };
		4D7162F01AEC3CF400ED9B14 /* NimbusSansNovusDOT-Reg.otf */ = {isa = PBXFileReference; lastKnownFileType = file; path = "NimbusSansNovusDOT-Reg.otf"; sourceTree = "<group>"; };
		4DF307F41AEC4B2600B5B69B /* ConfirmItem.swift */ = {isa = PBXFileReference; fileEncoding = 4; lastKnownFileType = sourcecode.swift; path = ConfirmItem.swift; sourceTree = "<group>"; };
		4DF307F51AEC4B2600B5B69B /* ConfirmItem.xib */ = {isa = PBXFileReference; fileEncoding = 4; lastKnownFileType = file.xib; path = ConfirmItem.xib; sourceTree = "<group>"; };
		4DF307FB1AEC676600B5B69B /* Searching.xib */ = {isa = PBXFileReference; fileEncoding = 4; lastKnownFileType = file.xib; path = Searching.xib; sourceTree = "<group>"; };
		4DF307FD1AEC677400B5B69B /* Searching.swift */ = {isa = PBXFileReference; fileEncoding = 4; lastKnownFileType = sourcecode.swift; name = Searching.swift; path = ../Searching.swift; sourceTree = "<group>"; };
		C5727E7F1AEC6B2300E64926 /* ResultsTableViewController.swift */ = {isa = PBXFileReference; fileEncoding = 4; lastKnownFileType = sourcecode.swift; path = ResultsTableViewController.swift; sourceTree = "<group>"; };
		C5727E811AEC74CC00E64926 /* MapKit.framework */ = {isa = PBXFileReference; lastKnownFileType = wrapper.framework; name = MapKit.framework; path = System/Library/Frameworks/MapKit.framework; sourceTree = SDKROOT; };
		C5A391261AEC3BF300B1DE6E /* StoryboardBro.storyboard */ = {isa = PBXFileReference; fileEncoding = 4; lastKnownFileType = file.storyboard; name = StoryboardBro.storyboard; path = ../StoryboardBro.storyboard; sourceTree = "<group>"; };
/* End PBXFileReference section */

/* Begin PBXFrameworksBuildPhase section */
		4D5C87171AEBD3B900D3A362 /* Frameworks */ = {
			isa = PBXFrameworksBuildPhase;
			buildActionMask = 2147483647;
			files = (
				C5727E821AEC74CC00E64926 /* MapKit.framework in Frameworks */,
			);
			runOnlyForDeploymentPostprocessing = 0;
		};
		4D5C872C1AEBD3B900D3A362 /* Frameworks */ = {
			isa = PBXFrameworksBuildPhase;
			buildActionMask = 2147483647;
			files = (
			);
			runOnlyForDeploymentPostprocessing = 0;
		};
/* End PBXFrameworksBuildPhase section */

/* Begin PBXGroup section */
		4D067D8E1AEC7115006A2E22 /* Onboarders */ = {
			isa = PBXGroup;
			children = (
				4D067D9E1AEC7B12006A2E22 /* OnBoarder.swift */,
				4D067D921AEC712A006A2E22 /* onboard1.swift */,
				4D067D931AEC712A006A2E22 /* onboard1.xib */,
				4D067D961AEC7168006A2E22 /* onboard2.swift */,
				4D067D971AEC7168006A2E22 /* onboard2.xib */,
				4D067D9A1AEC7188006A2E22 /* onboard3.swift */,
				4D067D9B1AEC7188006A2E22 /* onboard3.xib */,
			);
			name = Onboarders;
			sourceTree = "<group>";
		};
		4D2ABCA91AEC9897002AC648 /* Products */ = {
			isa = PBXGroup;
			children = (
				4D2ABCB01AEC9897002AC648 /* Alamofire.framework */,
				4D2ABCB21AEC9897002AC648 /* Alamofire.framework */,
				4D2ABCB41AEC9897002AC648 /* Alamofire iOS Tests.xctest */,
				4D2ABCB61AEC9897002AC648 /* Alamofire OSX Tests.xctest */,
			);
			name = Products;
			sourceTree = "<group>";
		};
		4D5C87111AEBD3B900D3A362 = {
			isa = PBXGroup;
			children = (
				4D2ABCA81AEC9897002AC648 /* Alamofire.xcodeproj */,
				C5727E811AEC74CC00E64926 /* MapKit.framework */,
				4D5C871C1AEBD3B900D3A362 /* PropperShopper */,
				4D5C87321AEBD3B900D3A362 /* PropperShopperTests */,
				4D5C871B1AEBD3B900D3A362 /* Products */,
			);
			sourceTree = "<group>";
		};
		4D5C871B1AEBD3B900D3A362 /* Products */ = {
			isa = PBXGroup;
			children = (
				4D5C871A1AEBD3B900D3A362 /* PropperShopper.app */,
				4D5C872F1AEBD3B900D3A362 /* PropperShopperTests.xctest */,
			);
			name = Products;
			sourceTree = "<group>";
		};
		4D5C871C1AEBD3B900D3A362 /* PropperShopper */ = {
			isa = PBXGroup;
			children = (
				C5727E7E1AEC668600E64926 /* Fonts */,
				4D067D8E1AEC7115006A2E22 /* Onboarders */,
				4D7162E81AEC124300ED9B14 /* VoiceRecorder.swift */,
				4D7162CB1AEBF9E800ED9B14 /* Communicator.swift */,
				4D7162CD1AEBF9EF00ED9B14 /* Item.swift */,
				4D7162C41AEBD63E00ED9B14 /* SearchViewController.xib */,
				4DF307F51AEC4B2600B5B69B /* ConfirmItem.xib */,
				C5A391251AEC3BD100B1DE6E /* Model */,
				C5A391241AEC3B5900B1DE6E /* View */,
				C5A391201AEC3B3300B1DE6E /* Controller */,
				4D5C871F1AEBD3B900D3A362 /* AppDelegate.swift */,
				4D5C87261AEBD3B900D3A362 /* Images.xcassets */,
				4D5C87281AEBD3B900D3A362 /* LaunchScreen.xib */,
				4D5C871D1AEBD3B900D3A362 /* Supporting Files */,
			);
			path = PropperShopper;
			sourceTree = "<group>";
		};
		4D5C871D1AEBD3B900D3A362 /* Supporting Files */ = {
			isa = PBXGroup;
			children = (
				4D5C871E1AEBD3B900D3A362 /* Info.plist */,
			);
			name = "Supporting Files";
			sourceTree = "<group>";
		};
		4D5C87321AEBD3B900D3A362 /* PropperShopperTests */ = {
			isa = PBXGroup;
			children = (
				4D5C87351AEBD3B900D3A362 /* PropperShopperTests.swift */,
				4D5C87331AEBD3B900D3A362 /* Supporting Files */,
			);
			path = PropperShopperTests;
			sourceTree = "<group>";
		};
		4D5C87331AEBD3B900D3A362 /* Supporting Files */ = {
			isa = PBXGroup;
			children = (
				4D5C87341AEBD3B900D3A362 /* Info.plist */,
			);
			name = "Supporting Files";
			sourceTree = "<group>";
		};
		C5727E7E1AEC668600E64926 /* Fonts */ = {
			isa = PBXGroup;
			children = (
				4D7162EC1AEC3C9900ED9B14 /* NimbusSansNovusDOT-SemBol.otf */,
				4D7162EE1AEC3CF400ED9B14 /* NimbusSansNovusDOT-Lig.otf */,
				4D7162EF1AEC3CF400ED9B14 /* NimbusSansNovusDOT-Med.otf */,
				4D7162F01AEC3CF400ED9B14 /* NimbusSansNovusDOT-Reg.otf */,
			);
			name = Fonts;
			sourceTree = "<group>";
		};
		C5A391201AEC3B3300B1DE6E /* Controller */ = {
			isa = PBXGroup;
			children = (
				4DF307F41AEC4B2600B5B69B /* ConfirmItem.swift */,
				4DF307FD1AEC677400B5B69B /* Searching.swift */,
				4D7162BF1AEBD59900ED9B14 /* Daddy.swift */,
				4D7162C31AEBD63E00ED9B14 /* SearchViewController.swift */,
				C5727E7F1AEC6B2300E64926 /* ResultsTableViewController.swift */,
				4D7162E61AEBFED700ED9B14 /* SwiftyJSON.swift */,
				4D5C87211AEBD3B900D3A362 /* ViewController.swift */,
			);
			name = Controller;
			sourceTree = "<group>";
		};
		C5A391241AEC3B5900B1DE6E /* View */ = {
			isa = PBXGroup;
			children = (
				4DF307FB1AEC676600B5B69B /* Searching.xib */,
				C5A391261AEC3BF300B1DE6E /* StoryboardBro.storyboard */,
			);
			name = View;
			sourceTree = "<group>";
		};
		C5A391251AEC3BD100B1DE6E /* Model */ = {
			isa = PBXGroup;
			children = (
			);
			name = Model;
			sourceTree = "<group>";
		};
/* End PBXGroup section */

/* Begin PBXNativeTarget section */
		4D5C87191AEBD3B900D3A362 /* PropperShopper */ = {
			isa = PBXNativeTarget;
			buildConfigurationList = 4D5C87391AEBD3B900D3A362 /* Build configuration list for PBXNativeTarget "PropperShopper" */;
			buildPhases = (
				4D5C87161AEBD3B900D3A362 /* Sources */,
				4D5C87171AEBD3B900D3A362 /* Frameworks */,
				4D5C87181AEBD3B900D3A362 /* Resources */,
				4D7162E41AEBFE1400ED9B14 /* Copy Frameworks */,
			);
			buildRules = (
			);
			dependencies = (
			);
			name = PropperShopper;
			productName = PropperShopper;
			productReference = 4D5C871A1AEBD3B900D3A362 /* PropperShopper.app */;
			productType = "com.apple.product-type.application";
		};
		4D5C872E1AEBD3B900D3A362 /* PropperShopperTests */ = {
			isa = PBXNativeTarget;
			buildConfigurationList = 4D5C873C1AEBD3B900D3A362 /* Build configuration list for PBXNativeTarget "PropperShopperTests" */;
			buildPhases = (
				4D5C872B1AEBD3B900D3A362 /* Sources */,
				4D5C872C1AEBD3B900D3A362 /* Frameworks */,
				4D5C872D1AEBD3B900D3A362 /* Resources */,
			);
			buildRules = (
			);
			dependencies = (
				4D5C87311AEBD3B900D3A362 /* PBXTargetDependency */,
			);
			name = PropperShopperTests;
			productName = PropperShopperTests;
			productReference = 4D5C872F1AEBD3B900D3A362 /* PropperShopperTests.xctest */;
			productType = "com.apple.product-type.bundle.unit-test";
		};
/* End PBXNativeTarget section */

/* Begin PBXProject section */
		4D5C87121AEBD3B900D3A362 /* Project object */ = {
			isa = PBXProject;
			attributes = {
				LastUpgradeCheck = 0630;
				ORGANIZATIONNAME = "Team Goat";
				TargetAttributes = {
					4D5C87191AEBD3B900D3A362 = {
						CreatedOnToolsVersion = 6.3;
					};
					4D5C872E1AEBD3B900D3A362 = {
						CreatedOnToolsVersion = 6.3;
						TestTargetID = 4D5C87191AEBD3B900D3A362;
					};
				};
			};
			buildConfigurationList = 4D5C87151AEBD3B900D3A362 /* Build configuration list for PBXProject "PropperShopper" */;
			compatibilityVersion = "Xcode 3.2";
			developmentRegion = English;
			hasScannedForEncodings = 0;
			knownRegions = (
				en,
				Base,
			);
			mainGroup = 4D5C87111AEBD3B900D3A362;
			productRefGroup = 4D5C871B1AEBD3B900D3A362 /* Products */;
			projectDirPath = "";
			projectReferences = (
				{
					ProductGroup = 4D2ABCA91AEC9897002AC648 /* Products */;
					ProjectRef = 4D2ABCA81AEC9897002AC648 /* Alamofire.xcodeproj */;
				},
			);
			projectRoot = "";
			targets = (
				4D5C87191AEBD3B900D3A362 /* PropperShopper */,
				4D5C872E1AEBD3B900D3A362 /* PropperShopperTests */,
			);
		};
/* End PBXProject section */

/* Begin PBXReferenceProxy section */
		4D2ABCB01AEC9897002AC648 /* Alamofire.framework */ = {
			isa = PBXReferenceProxy;
			fileType = wrapper.framework;
			path = Alamofire.framework;
			remoteRef = 4D2ABCAF1AEC9897002AC648 /* PBXContainerItemProxy */;
			sourceTree = BUILT_PRODUCTS_DIR;
		};
		4D2ABCB21AEC9897002AC648 /* Alamofire.framework */ = {
			isa = PBXReferenceProxy;
			fileType = wrapper.framework;
			path = Alamofire.framework;
			remoteRef = 4D2ABCB11AEC9897002AC648 /* PBXContainerItemProxy */;
			sourceTree = BUILT_PRODUCTS_DIR;
		};
		4D2ABCB41AEC9897002AC648 /* Alamofire iOS Tests.xctest */ = {
			isa = PBXReferenceProxy;
			fileType = wrapper.cfbundle;
			path = "Alamofire iOS Tests.xctest";
			remoteRef = 4D2ABCB31AEC9897002AC648 /* PBXContainerItemProxy */;
			sourceTree = BUILT_PRODUCTS_DIR;
		};
		4D2ABCB61AEC9897002AC648 /* Alamofire OSX Tests.xctest */ = {
			isa = PBXReferenceProxy;
			fileType = wrapper.cfbundle;
			path = "Alamofire OSX Tests.xctest";
			remoteRef = 4D2ABCB51AEC9897002AC648 /* PBXContainerItemProxy */;
			sourceTree = BUILT_PRODUCTS_DIR;
		};
/* End PBXReferenceProxy section */

/* Begin PBXResourcesBuildPhase section */
		4D5C87181AEBD3B900D3A362 /* Resources */ = {
			isa = PBXResourcesBuildPhase;
			buildActionMask = 2147483647;
			files = (
				4D067D951AEC712A006A2E22 /* onboard1.xib in Resources */,
				4D067D9D1AEC7188006A2E22 /* onboard3.xib in Resources */,
				4D7162ED1AEC3C9900ED9B14 /* NimbusSansNovusDOT-SemBol.otf in Resources */,
				4DF307F71AEC4B2600B5B69B /* ConfirmItem.xib in Resources */,
				4DF307FC1AEC676600B5B69B /* Searching.xib in Resources */,
				4D067D991AEC7168006A2E22 /* onboard2.xib in Resources */,
				4D7162F31AEC3CF400ED9B14 /* NimbusSansNovusDOT-Reg.otf in Resources */,
				4D5C872A1AEBD3B900D3A362 /* LaunchScreen.xib in Resources */,
				4D7162F11AEC3CF400ED9B14 /* NimbusSansNovusDOT-Lig.otf in Resources */,
				4D7162F21AEC3CF400ED9B14 /* NimbusSansNovusDOT-Med.otf in Resources */,
				4D5C87271AEBD3B900D3A362 /* Images.xcassets in Resources */,
				4D7162C61AEBD63E00ED9B14 /* SearchViewController.xib in Resources */,
				C5A391271AEC3BF300B1DE6E /* StoryboardBro.storyboard in Resources */,
			);
			runOnlyForDeploymentPostprocessing = 0;
		};
		4D5C872D1AEBD3B900D3A362 /* Resources */ = {
			isa = PBXResourcesBuildPhase;
			buildActionMask = 2147483647;
			files = (
			);
			runOnlyForDeploymentPostprocessing = 0;
		};
/* End PBXResourcesBuildPhase section */

/* Begin PBXSourcesBuildPhase section */
		4D5C87161AEBD3B900D3A362 /* Sources */ = {
			isa = PBXSourcesBuildPhase;
			buildActionMask = 2147483647;
			files = (
				4D067D9F1AEC7B12006A2E22 /* OnBoarder.swift in Sources */,
				4D067D981AEC7168006A2E22 /* onboard2.swift in Sources */,
				4D7162CC1AEBF9E800ED9B14 /* Communicator.swift in Sources */,
				4D5C87221AEBD3B900D3A362 /* ViewController.swift in Sources */,
				4D7162E91AEC124300ED9B14 /* VoiceRecorder.swift in Sources */,
				4D5C87201AEBD3B900D3A362 /* AppDelegate.swift in Sources */,
				C5727E801AEC6B2300E64926 /* ResultsTableViewController.swift in Sources */,
				4D067D941AEC712A006A2E22 /* onboard1.swift in Sources */,
				4D7162C51AEBD63E00ED9B14 /* SearchViewController.swift in Sources */,
				4D7162CE1AEBF9EF00ED9B14 /* Item.swift in Sources */,
				4D067D9C1AEC7188006A2E22 /* onboard3.swift in Sources */,
				4D7162E71AEBFED700ED9B14 /* SwiftyJSON.swift in Sources */,
				4DF307F61AEC4B2600B5B69B /* ConfirmItem.swift in Sources */,
				4DF307FE1AEC677400B5B69B /* Searching.swift in Sources */,
				4D7162C01AEBD59900ED9B14 /* Daddy.swift in Sources */,
			);
			runOnlyForDeploymentPostprocessing = 0;
		};
		4D5C872B1AEBD3B900D3A362 /* Sources */ = {
			isa = PBXSourcesBuildPhase;
			buildActionMask = 2147483647;
			files = (
				4D5C87361AEBD3B900D3A362 /* PropperShopperTests.swift in Sources */,
			);
			runOnlyForDeploymentPostprocessing = 0;
		};
/* End PBXSourcesBuildPhase section */

/* Begin PBXTargetDependency section */
		4D5C87311AEBD3B900D3A362 /* PBXTargetDependency */ = {
			isa = PBXTargetDependency;
			target = 4D5C87191AEBD3B900D3A362 /* PropperShopper */;
			targetProxy = 4D5C87301AEBD3B900D3A362 /* PBXContainerItemProxy */;
		};
/* End PBXTargetDependency section */

/* Begin PBXVariantGroup section */
		4D5C87281AEBD3B900D3A362 /* LaunchScreen.xib */ = {
			isa = PBXVariantGroup;
			children = (
				4D5C87291AEBD3B900D3A362 /* Base */,
			);
			name = LaunchScreen.xib;
			sourceTree = "<group>";
		};
/* End PBXVariantGroup section */

/* Begin XCBuildConfiguration section */
		4D5C87371AEBD3B900D3A362 /* Debug */ = {
			isa = XCBuildConfiguration;
			buildSettings = {
				ALWAYS_SEARCH_USER_PATHS = NO;
				CLANG_CXX_LANGUAGE_STANDARD = "gnu++0x";
				CLANG_CXX_LIBRARY = "libc++";
				CLANG_ENABLE_MODULES = YES;
				CLANG_ENABLE_OBJC_ARC = YES;
				CLANG_WARN_BOOL_CONVERSION = YES;
				CLANG_WARN_CONSTANT_CONVERSION = YES;
				CLANG_WARN_DIRECT_OBJC_ISA_USAGE = YES_ERROR;
				CLANG_WARN_EMPTY_BODY = YES;
				CLANG_WARN_ENUM_CONVERSION = YES;
				CLANG_WARN_INT_CONVERSION = YES;
				CLANG_WARN_OBJC_ROOT_CLASS = YES_ERROR;
				CLANG_WARN_UNREACHABLE_CODE = YES;
				CLANG_WARN__DUPLICATE_METHOD_MATCH = YES;
				"CODE_SIGN_IDENTITY[sdk=iphoneos*]" = "iPhone Developer";
				COPY_PHASE_STRIP = NO;
				DEBUG_INFORMATION_FORMAT = "dwarf-with-dsym";
				ENABLE_STRICT_OBJC_MSGSEND = YES;
				GCC_C_LANGUAGE_STANDARD = gnu99;
				GCC_DYNAMIC_NO_PIC = NO;
				GCC_NO_COMMON_BLOCKS = YES;
				GCC_OPTIMIZATION_LEVEL = 0;
				GCC_PREPROCESSOR_DEFINITIONS = (
					"DEBUG=1",
					"$(inherited)",
				);
				GCC_SYMBOLS_PRIVATE_EXTERN = NO;
				GCC_WARN_64_TO_32_BIT_CONVERSION = YES;
				GCC_WARN_ABOUT_RETURN_TYPE = YES_ERROR;
				GCC_WARN_UNDECLARED_SELECTOR = YES;
				GCC_WARN_UNINITIALIZED_AUTOS = YES_AGGRESSIVE;
				GCC_WARN_UNUSED_FUNCTION = YES;
				GCC_WARN_UNUSED_VARIABLE = YES;
				IPHONEOS_DEPLOYMENT_TARGET = 8.1;
				MTL_ENABLE_DEBUG_INFO = YES;
				ONLY_ACTIVE_ARCH = YES;
				SDKROOT = iphoneos8.3;
				SWIFT_OPTIMIZATION_LEVEL = "-Onone";
				TARGETED_DEVICE_FAMILY = 1;
			};
			name = Debug;
		};
		4D5C87381AEBD3B900D3A362 /* Release */ = {
			isa = XCBuildConfiguration;
			buildSettings = {
				ALWAYS_SEARCH_USER_PATHS = NO;
				CLANG_CXX_LANGUAGE_STANDARD = "gnu++0x";
				CLANG_CXX_LIBRARY = "libc++";
				CLANG_ENABLE_MODULES = YES;
				CLANG_ENABLE_OBJC_ARC = YES;
				CLANG_WARN_BOOL_CONVERSION = YES;
				CLANG_WARN_CONSTANT_CONVERSION = YES;
				CLANG_WARN_DIRECT_OBJC_ISA_USAGE = YES_ERROR;
				CLANG_WARN_EMPTY_BODY = YES;
				CLANG_WARN_ENUM_CONVERSION = YES;
				CLANG_WARN_INT_CONVERSION = YES;
				CLANG_WARN_OBJC_ROOT_CLASS = YES_ERROR;
				CLANG_WARN_UNREACHABLE_CODE = YES;
				CLANG_WARN__DUPLICATE_METHOD_MATCH = YES;
				"CODE_SIGN_IDENTITY[sdk=iphoneos*]" = "iPhone Developer";
				COPY_PHASE_STRIP = NO;
				DEBUG_INFORMATION_FORMAT = "dwarf-with-dsym";
				ENABLE_NS_ASSERTIONS = NO;
				ENABLE_STRICT_OBJC_MSGSEND = YES;
				GCC_C_LANGUAGE_STANDARD = gnu99;
				GCC_NO_COMMON_BLOCKS = YES;
				GCC_WARN_64_TO_32_BIT_CONVERSION = YES;
				GCC_WARN_ABOUT_RETURN_TYPE = YES_ERROR;
				GCC_WARN_UNDECLARED_SELECTOR = YES;
				GCC_WARN_UNINITIALIZED_AUTOS = YES_AGGRESSIVE;
				GCC_WARN_UNUSED_FUNCTION = YES;
				GCC_WARN_UNUSED_VARIABLE = YES;
				IPHONEOS_DEPLOYMENT_TARGET = 8.1;
				MTL_ENABLE_DEBUG_INFO = NO;
				SDKROOT = iphoneos8.3;
				TARGETED_DEVICE_FAMILY = 1;
				VALIDATE_PRODUCT = YES;
			};
			name = Release;
		};
		4D5C873A1AEBD3B900D3A362 /* Debug */ = {
			isa = XCBuildConfiguration;
			buildSettings = {
				ASSETCATALOG_COMPILER_APPICON_NAME = AppIcon;
				INFOPLIST_FILE = PropperShopper/Info.plist;
				IPHONEOS_DEPLOYMENT_TARGET = 8.0;
				LD_RUNPATH_SEARCH_PATHS = "$(inherited) @executable_path/Frameworks";
				PRODUCT_NAME = "$(TARGET_NAME)";
				TARGETED_DEVICE_FAMILY = 1;
			};
			name = Debug;
		};
		4D5C873B1AEBD3B900D3A362 /* Release */ = {
			isa = XCBuildConfiguration;
			buildSettings = {
				ASSETCATALOG_COMPILER_APPICON_NAME = AppIcon;
				INFOPLIST_FILE = PropperShopper/Info.plist;
				IPHONEOS_DEPLOYMENT_TARGET = 8.0;
				LD_RUNPATH_SEARCH_PATHS = "$(inherited) @executable_path/Frameworks";
				PRODUCT_NAME = "$(TARGET_NAME)";
				TARGETED_DEVICE_FAMILY = 1;
			};
			name = Release;
		};
		4D5C873D1AEBD3B900D3A362 /* Debug */ = {
			isa = XCBuildConfiguration;
			buildSettings = {
				BUNDLE_LOADER = "$(TEST_HOST)";
				FRAMEWORK_SEARCH_PATHS = (
					"$(SDKROOT)/Developer/Library/Frameworks",
					"$(inherited)",
				);
				GCC_PREPROCESSOR_DEFINITIONS = (
					"DEBUG=1",
					"$(inherited)",
				);
				INFOPLIST_FILE = PropperShopperTests/Info.plist;
				LD_RUNPATH_SEARCH_PATHS = "$(inherited) @executable_path/Frameworks @loader_path/Frameworks";
				PRODUCT_NAME = "$(TARGET_NAME)";
				TEST_HOST = "$(BUILT_PRODUCTS_DIR)/PropperShopper.app/PropperShopper";
			};
			name = Debug;
		};
		4D5C873E1AEBD3B900D3A362 /* Release */ = {
			isa = XCBuildConfiguration;
			buildSettings = {
				BUNDLE_LOADER = "$(TEST_HOST)";
				FRAMEWORK_SEARCH_PATHS = (
					"$(SDKROOT)/Developer/Library/Frameworks",
					"$(inherited)",
				);
				INFOPLIST_FILE = PropperShopperTests/Info.plist;
				LD_RUNPATH_SEARCH_PATHS = "$(inherited) @executable_path/Frameworks @loader_path/Frameworks";
				PRODUCT_NAME = "$(TARGET_NAME)";
				TEST_HOST = "$(BUILT_PRODUCTS_DIR)/PropperShopper.app/PropperShopper";
			};
			name = Release;
		};
/* End XCBuildConfiguration section */

/* Begin XCConfigurationList section */
		4D5C87151AEBD3B900D3A362 /* Build configuration list for PBXProject "PropperShopper" */ = {
			isa = XCConfigurationList;
			buildConfigurations = (
				4D5C87371AEBD3B900D3A362 /* Debug */,
				4D5C87381AEBD3B900D3A362 /* Release */,
			);
			defaultConfigurationIsVisible = 0;
			defaultConfigurationName = Release;
		};
		4D5C87391AEBD3B900D3A362 /* Build configuration list for PBXNativeTarget "PropperShopper" */ = {
			isa = XCConfigurationList;
			buildConfigurations = (
				4D5C873A1AEBD3B900D3A362 /* Debug */,
				4D5C873B1AEBD3B900D3A362 /* Release */,
			);
			defaultConfigurationIsVisible = 0;
			defaultConfigurationName = Release;
		};
		4D5C873C1AEBD3B900D3A362 /* Build configuration list for PBXNativeTarget "PropperShopperTests" */ = {
			isa = XCConfigurationList;
			buildConfigurations = (
				4D5C873D1AEBD3B900D3A362 /* Debug */,
				4D5C873E1AEBD3B900D3A362 /* Release */,
			);
			defaultConfigurationIsVisible = 0;
			defaultConfigurationName = Release;
		};
/* End XCConfigurationList section */
	};
	rootObject = 4D5C87121AEBD3B900D3A362 /* Project object */;
}
